
Microsoft Visual Studio Solution File, Format Version 12.00
# Visual Studio Version 16
VisualStudioVersion = 16.0.30907.101
MinimumVisualStudioVersion = 10.0.40219.1
Project("{888888A0-9F3D-457C-B088-3A5042F75D52}") = "Roman Digititis", "Roman Digititis\Roman Digititis.pyproj", "{C901AB47-7E4A-4ABF-9EC8-DE274E795705}"
EndProject
Global
	GlobalSection(SolutionConfigurationPlatforms) = preSolution
		Debug|Any CPU = Debug|Any CPU
		Release|Any CPU = Release|Any CPU
	EndGlobalSection
	GlobalSection(ProjectConfigurationPlatforms) = postSolution
		{C901AB47-7E4A-4ABF-9EC8-DE274E795705}.Debug|Any CPU.ActiveCfg = Debug|Any CPU
		{C901AB47-7E4A-4ABF-9EC8-DE274E795705}.Release|Any CPU.ActiveCfg = Release|Any CPU
	EndGlobalSection
	GlobalSection(SolutionProperties) = preSolution
		HideSolutionNode = FALSE
	EndGlobalSection
	GlobalSection(ExtensibilityGlobals) = postSolution
		SolutionGuid = {7F951660-3A0B-45F6-BB0A-6AEC6183497A}
	EndGlobalSection
EndGlobal
